
Microsoft Visual Studio Solution File, Format Version 12.00
# Visual Studio 2012
Project("{FAE04EC0-301F-11D3-BF4B-00C04F79EFBC}") = "TowerDomain", "TowerDomain\TowerDomain.csproj", "{9CF53759-C4D2-4927-8227-F09D1BD74208}"
EndProject
Project("{2150E333-8FDC-42A3-9474-1A3956D46DE8}") = "Solution Items", "Solution Items", "{AA53E6F2-18B5-4B3D-BA74-9AD58F46B691}"
	ProjectSection(SolutionItems) = preProject
		Local.testsettings = Local.testsettings
		TowerDomain.vsmdi = TowerDomain.vsmdi
		TraceAndTestImpact.testsettings = TraceAndTestImpact.testsettings
	EndProjectSection
EndProject
Project("{FAE04EC0-301F-11D3-BF4B-00C04F79EFBC}") = "TowerDomain.Ui", "TowerDomain.Ui\TowerDomain.Ui.csproj", "{E85F5434-A012-44AD-8C65-3EB875F3B6C4}"
EndProject
Project("{FAE04EC0-301F-11D3-BF4B-00C04F79EFBC}") = "TowerDomain.Tests", "TowerDomain.Tests\TowerDomain.Tests.csproj", "{98788AB2-6CB9-4696-A510-9A02D9D12098}"
EndProject
Global
	GlobalSection(TestCaseManagementSettings) = postSolution
		CategoryFile = TowerDomain.vsmdi
	EndGlobalSection
	GlobalSection(SolutionConfigurationPlatforms) = preSolution
		Debug|Any CPU = Debug|Any CPU
		Debug|Mixed Platforms = Debug|Mixed Platforms
		Debug|x86 = Debug|x86
		Release|Any CPU = Release|Any CPU
		Release|Mixed Platforms = Release|Mixed Platforms
		Release|x86 = Release|x86
	EndGlobalSection
	GlobalSection(ProjectConfigurationPlatforms) = postSolution
		{9CF53759-C4D2-4927-8227-F09D1BD74208}.Debug|Any CPU.ActiveCfg = Debug|Any CPU
		{9CF53759-C4D2-4927-8227-F09D1BD74208}.Debug|Any CPU.Build.0 = Debug|Any CPU
		{9CF53759-C4D2-4927-8227-F09D1BD74208}.Debug|Mixed Platforms.ActiveCfg = Debug|Any CPU
		{9CF53759-C4D2-4927-8227-F09D1BD74208}.Debug|Mixed Platforms.Build.0 = Debug|Any CPU
		{9CF53759-C4D2-4927-8227-F09D1BD74208}.Debug|x86.ActiveCfg = Debug|Any CPU
		{9CF53759-C4D2-4927-8227-F09D1BD74208}.Release|Any CPU.ActiveCfg = Release|Any CPU
		{9CF53759-C4D2-4927-8227-F09D1BD74208}.Release|Any CPU.Build.0 = Release|Any CPU
		{9CF53759-C4D2-4927-8227-F09D1BD74208}.Release|Mixed Platforms.ActiveCfg = Release|Any CPU
		{9CF53759-C4D2-4927-8227-F09D1BD74208}.Release|Mixed Platforms.Build.0 = Release|Any CPU
		{9CF53759-C4D2-4927-8227-F09D1BD74208}.Release|x86.ActiveCfg = Release|Any CPU
		{E85F5434-A012-44AD-8C65-3EB875F3B6C4}.Debug|Any CPU.ActiveCfg = Debug|Any CPU
		{E85F5434-A012-44AD-8C65-3EB875F3B6C4}.Debug|Any CPU.Build.0 = Debug|Any CPU
		{E85F5434-A012-44AD-8C65-3EB875F3B6C4}.Debug|Mixed Platforms.ActiveCfg = Debug|Any CPU
		{E85F5434-A012-44AD-8C65-3EB875F3B6C4}.Debug|Mixed Platforms.Build.0 = Debug|Any CPU
		{E85F5434-A012-44AD-8C65-3EB875F3B6C4}.Debug|x86.ActiveCfg = Debug|Any CPU
		{E85F5434-A012-44AD-8C65-3EB875F3B6C4}.Release|Any CPU.ActiveCfg = Release|Any CPU
		{E85F5434-A012-44AD-8C65-3EB875F3B6C4}.Release|Any CPU.Build.0 = Release|Any CPU
		{E85F5434-A012-44AD-8C65-3EB875F3B6C4}.Release|Mixed Platforms.ActiveCfg = Release|Any CPU
		{E85F5434-A012-44AD-8C65-3EB875F3B6C4}.Release|Mixed Platforms.Build.0 = Release|Any CPU
		{E85F5434-A012-44AD-8C65-3EB875F3B6C4}.Release|x86.ActiveCfg = Release|Any CPU
		{98788AB2-6CB9-4696-A510-9A02D9D12098}.Debug|Any CPU.ActiveCfg = Debug|Any CPU
		{98788AB2-6CB9-4696-A510-9A02D9D12098}.Debug|Any CPU.Build.0 = Debug|Any CPU
		{98788AB2-6CB9-4696-A510-9A02D9D12098}.Debug|Mixed Platforms.ActiveCfg = Debug|Any CPU
		{98788AB2-6CB9-4696-A510-9A02D9D12098}.Debug|Mixed Platforms.Build.0 = Debug|Any CPU
		{98788AB2-6CB9-4696-A510-9A02D9D12098}.Debug|x86.ActiveCfg = Debug|Any CPU
		{98788AB2-6CB9-4696-A510-9A02D9D12098}.Release|Any CPU.ActiveCfg = Release|Any CPU
		{98788AB2-6CB9-4696-A510-9A02D9D12098}.Release|Any CPU.Build.0 = Release|Any CPU
		{98788AB2-6CB9-4696-A510-9A02D9D12098}.Release|Mixed Platforms.ActiveCfg = Release|Any CPU
		{98788AB2-6CB9-4696-A510-9A02D9D12098}.Release|Mixed Platforms.Build.0 = Release|Any CPU
		{98788AB2-6CB9-4696-A510-9A02D9D12098}.Release|x86.ActiveCfg = Release|Any CPU
	EndGlobalSection
	GlobalSection(SolutionProperties) = preSolution
		HideSolutionNode = FALSE
	EndGlobalSection
EndGlobal
